// !$*UTF8*$!
{
	archiveVersion = 1;
	classes = {
	};
	objectVersion = 46;
	objects = {

/* Begin PBXBuildFile section */
		848C31871A4DEF640015B9E2 /* Cocoa.framework in Frameworks */ = {isa = PBXBuildFile; fileRef = 848C31861A4DEF640015B9E2 /* Cocoa.framework */; };
		848C31911A4DEF640015B9E2 /* InfoPlist.strings in Resources */ = {isa = PBXBuildFile; fileRef = 848C318F1A4DEF640015B9E2 /* InfoPlist.strings */; };
		848C31931A4DEF640015B9E2 /* main.m in Sources */ = {isa = PBXBuildFile; fileRef = 848C31921A4DEF640015B9E2 /* main.m */; };
		848C31971A4DEF640015B9E2 /* Credits.rtf in Resources */ = {isa = PBXBuildFile; fileRef = 848C31951A4DEF640015B9E2 /* Credits.rtf */; };
		848C319A1A4DEF640015B9E2 /* AppDelegate.m in Sources */ = {isa = PBXBuildFile; fileRef = 848C31991A4DEF640015B9E2 /* AppDelegate.m */; };
		848C319D1A4DEF640015B9E2 /* MainMenu.xib in Resources */ = {isa = PBXBuildFile; fileRef = 848C319B1A4DEF640015B9E2 /* MainMenu.xib */; };
		848C31A91A4DFEA60015B9E2 /* AppView.m in Sources */ = {isa = PBXBuildFile; fileRef = 848C31A81A4DFEA60015B9E2 /* AppView.m */; };
/* End PBXBuildFile section */

/* Begin PBXFileReference section */
		848C31821A4DEF640015B9E2 /* Physics Engine.app */ = {isa = PBXFileReference; explicitFileType = wrapper.application; includeInIndex = 0; path = "Physics Engine.app"; sourceTree = BUILT_PRODUCTS_DIR; };
		848C31861A4DEF640015B9E2 /* Cocoa.framework */ = {isa = PBXFileReference; lastKnownFileType = wrapper.framework; name = Cocoa.framework; path = System/Library/Frameworks/Cocoa.framework; sourceTree = SDKROOT; };
		848C31891A4DEF640015B9E2 /* AppKit.framework */ = {isa = PBXFileReference; lastKnownFileType = wrapper.framework; name = AppKit.framework; path = System/Library/Frameworks/AppKit.framework; sourceTree = SDKROOT; };
		848C318A1A4DEF640015B9E2 /* CoreData.framework */ = {isa = PBXFileReference; lastKnownFileType = wrapper.framework; name = CoreData.framework; path = System/Library/Frameworks/CoreData.framework; sourceTree = SDKROOT; };
		848C318B1A4DEF640015B9E2 /* Foundation.framework */ = {isa = PBXFileReference; lastKnownFileType = wrapper.framework; name = Foundation.framework; path = System/Library/Frameworks/Foundation.framework; sourceTree = SDKROOT; };
		848C318E1A4DEF640015B9E2 /* Physics Engine-Info.plist */ = {isa = PBXFileReference; lastKnownFileType = text.plist.xml; path = "Physics Engine-Info.plist"; sourceTree = "<group>"; };
		848C31901A4DEF640015B9E2 /* en */ = {isa = PBXFileReference; lastKnownFileType = text.plist.strings; name = en; path = en.lproj/InfoPlist.strings; sourceTree = "<group>"; };
		848C31921A4DEF640015B9E2 /* main.m */ = {isa = PBXFileReference; lastKnownFileType = sourcecode.c.objc; path = main.m; sourceTree = "<group>"; };
		848C31941A4DEF640015B9E2 /* Physics Engine-Prefix.pch */ = {isa = PBXFileReference; lastKnownFileType = sourcecode.c.h; path = "Physics Engine-Prefix.pch"; sourceTree = "<group>"; };
		848C31961A4DEF640015B9E2 /* en */ = {isa = PBXFileReference; lastKnownFileType = text.rtf; name = en; path = en.lproj/Credits.rtf; sourceTree = "<group>"; };
		848C31981A4DEF640015B9E2 /* AppDelegate.h */ = {isa = PBXFileReference; lastKnownFileType = sourcecode.c.h; path = AppDelegate.h; sourceTree = "<group>"; };
		848C31991A4DEF640015B9E2 /* AppDelegate.m */ = {isa = PBXFileReference; lastKnownFileType = sourcecode.c.objc; path = AppDelegate.m; sourceTree = "<group>"; };
		848C319C1A4DEF640015B9E2 /* en */ = {isa = PBXFileReference; lastKnownFileType = file.xib; name = en; path = en.lproj/MainMenu.xib; sourceTree = "<group>"; };
		848C31A71A4DFEA60015B9E2 /* AppView.h */ = {isa = PBXFileReference; fileEncoding = 4; lastKnownFileType = sourcecode.c.h; path = AppView.h; sourceTree = "<group>"; };
		848C31A81A4DFEA60015B9E2 /* AppView.m */ = {isa = PBXFileReference; fileEncoding = 4; lastKnownFileType = sourcecode.c.objc; path = AppView.m; sourceTree = "<group>"; };
/* End PBXFileReference section */

/* Begin PBXFrameworksBuildPhase section */
		848C317F1A4DEF640015B9E2 /* Frameworks */ = {
			isa = PBXFrameworksBuildPhase;
			buildActionMask = 2147483647;
			files = (
				848C31871A4DEF640015B9E2 /* Cocoa.framework in Frameworks */,
			);
			runOnlyForDeploymentPostprocessing = 0;
		};
/* End PBXFrameworksBuildPhase section */

/* Begin PBXGroup section */
		848C31771A4DEF630015B9E2 = {
			isa = PBXGroup;
			children = (
				848C318C1A4DEF640015B9E2 /* Physics Engine */,
				848C31851A4DEF640015B9E2 /* Frameworks */,
				848C31831A4DEF640015B9E2 /* Products */,
			);
			sourceTree = "<group>";
		};
		848C31831A4DEF640015B9E2 /* Products */ = {
			isa = PBXGroup;
			children = (
				848C31821A4DEF640015B9E2 /* Physics Engine.app */,
			);
			name = Products;
			sourceTree = "<group>";
		};
		848C31851A4DEF640015B9E2 /* Frameworks */ = {
			isa = PBXGroup;
			children = (
				848C31861A4DEF640015B9E2 /* Cocoa.framework */,
				848C31881A4DEF640015B9E2 /* Other Frameworks */,
			);
			name = Frameworks;
			sourceTree = "<group>";
		};
		848C31881A4DEF640015B9E2 /* Other Frameworks */ = {
			isa = PBXGroup;
			children = (
				848C31891A4DEF640015B9E2 /* AppKit.framework */,
				848C318A1A4DEF640015B9E2 /* CoreData.framework */,
				848C318B1A4DEF640015B9E2 /* Foundation.framework */,
			);
			name = "Other Frameworks";
			sourceTree = "<group>";
		};
		848C318C1A4DEF640015B9E2 /* Physics Engine */ = {
			isa = PBXGroup;
			children = (
				848C31981A4DEF640015B9E2 /* AppDelegate.h */,
				848C31991A4DEF640015B9E2 /* AppDelegate.m */,
				848C319B1A4DEF640015B9E2 /* MainMenu.xib */,
				848C318D1A4DEF640015B9E2 /* Supporting Files */,
				848C31A71A4DFEA60015B9E2 /* AppView.h */,
				848C31A81A4DFEA60015B9E2 /* AppView.m */,
			);
			path = "Physics Engine";
			sourceTree = "<group>";
		};
		848C318D1A4DEF640015B9E2 /* Supporting Files */ = {
			isa = PBXGroup;
			children = (
				848C318E1A4DEF640015B9E2 /* Physics Engine-Info.plist */,
				848C318F1A4DEF640015B9E2 /* InfoPlist.strings */,
				848C31921A4DEF640015B9E2 /* main.m */,
				848C31941A4DEF640015B9E2 /* Physics Engine-Prefix.pch */,
				848C31951A4DEF640015B9E2 /* Credits.rtf */,
			);
			name = "Supporting Files";
			sourceTree = "<group>";
		};
/* End PBXGroup section */

/* Begin PBXNativeTarget section */
		848C31811A4DEF640015B9E2 /* Physics Engine */ = {
			isa = PBXNativeTarget;
			buildConfigurationList = 848C31A01A4DEF640015B9E2 /* Build configuration list for PBXNativeTarget "Physics Engine" */;
			buildPhases = (
				848C317E1A4DEF640015B9E2 /* Sources */,
				848C317F1A4DEF640015B9E2 /* Frameworks */,
				848C31801A4DEF640015B9E2 /* Resources */,
			);
			buildRules = (
			);
			dependencies = (
			);
			name = "Physics Engine";
			productName = "Physics Engine";
			productReference = 848C31821A4DEF640015B9E2 /* Physics Engine.app */;
			productType = "com.apple.product-type.application";
		};
/* End PBXNativeTarget section */

/* Begin PBXProject section */
		848C31791A4DEF630015B9E2 /* Project object */ = {
			isa = PBXProject;
			attributes = {
				LastUpgradeCheck = 0430;
			};
			buildConfigurationList = 848C317C1A4DEF630015B9E2 /* Build configuration list for PBXProject "Physics Engine" */;
			compatibilityVersion = "Xcode 3.2";
			developmentRegion = English;
			hasScannedForEncodings = 0;
			knownRegions = (
				en,
			);
			mainGroup = 848C31771A4DEF630015B9E2;
			productRefGroup = 848C31831A4DEF640015B9E2 /* Products */;
			projectDirPath = "";
			projectRoot = "";
			targets = (
				848C31811A4DEF640015B9E2 /* Physics Engine */,
			);
		};
/* End PBXProject section */

/* Begin PBXResourcesBuildPhase section */
		848C31801A4DEF640015B9E2 /* Resources */ = {
			isa = PBXResourcesBuildPhase;
			buildActionMask = 2147483647;
			files = (
				848C31911A4DEF640015B9E2 /* InfoPlist.strings in Resources */,
				848C31971A4DEF640015B9E2 /* Credits.rtf in Resources */,
				848C319D1A4DEF640015B9E2 /* MainMenu.xib in Resources */,
			);
			runOnlyForDeploymentPostprocessing = 0;
		};
/* End PBXResourcesBuildPhase section */

/* Begin PBXSourcesBuildPhase section */
		848C317E1A4DEF640015B9E2 /* Sources */ = {
			isa = PBXSourcesBuildPhase;
			buildActionMask = 2147483647;
			files = (
				848C31931A4DEF640015B9E2 /* main.m in Sources */,
				848C319A1A4DEF640015B9E2 /* AppDelegate.m in Sources */,
				848C31A91A4DFEA60015B9E2 /* AppView.m in Sources */,
			);
			runOnlyForDeploymentPostprocessing = 0;
		};
/* End PBXSourcesBuildPhase section */

/* Begin PBXVariantGroup section */
		848C318F1A4DEF640015B9E2 /* InfoPlist.strings */ = {
			isa = PBXVariantGroup;
			children = (
				848C31901A4DEF640015B9E2 /* en */,
			);
			name = InfoPlist.strings;
			sourceTree = "<group>";
		};
		848C31951A4DEF640015B9E2 /* Credits.rtf */ = {
			isa = PBXVariantGroup;
			children = (
				848C31961A4DEF640015B9E2 /* en */,
			);
			name = Credits.rtf;
			sourceTree = "<group>";
		};
		848C319B1A4DEF640015B9E2 /* MainMenu.xib */ = {
			isa = PBXVariantGroup;
			children = (
				848C319C1A4DEF640015B9E2 /* en */,
			);
			name = MainMenu.xib;
			sourceTree = "<group>";
		};
/* End PBXVariantGroup section */

/* Begin XCBuildConfiguration section */
		848C319E1A4DEF640015B9E2 /* Debug */ = {
			isa = XCBuildConfiguration;
			buildSettings = {
				ALWAYS_SEARCH_USER_PATHS = NO;
				ARCHS = "$(ARCHS_STANDARD_64_BIT)";
				CLANG_ENABLE_OBJC_ARC = YES;
				COPY_PHASE_STRIP = NO;
				GCC_C_LANGUAGE_STANDARD = gnu99;
				GCC_DYNAMIC_NO_PIC = NO;
				GCC_ENABLE_OBJC_EXCEPTIONS = YES;
				GCC_OPTIMIZATION_LEVEL = 0;
				GCC_PREPROCESSOR_DEFINITIONS = (
					"DEBUG=1",
					"$(inherited)",
				);
				GCC_SYMBOLS_PRIVATE_EXTERN = NO;
				GCC_VERSION = com.apple.compilers.llvm.clang.1_0;
				GCC_WARN_64_TO_32_BIT_CONVERSION = YES;
				GCC_WARN_ABOUT_RETURN_TYPE = YES;
				GCC_WARN_UNINITIALIZED_AUTOS = YES;
				GCC_WARN_UNUSED_VARIABLE = YES;
				MACOSX_DEPLOYMENT_TARGET = 10.7;
				ONLY_ACTIVE_ARCH = YES;
				SDKROOT = macosx;
			};
			name = Debug;
		};
		848C319F1A4DEF640015B9E2 /* Release */ = {
			isa = XCBuildConfiguration;
			buildSettings = {
				ALWAYS_SEARCH_USER_PATHS = NO;
				ARCHS = "$(ARCHS_STANDARD_64_BIT)";
				CLANG_ENABLE_OBJC_ARC = YES;
				COPY_PHASE_STRIP = YES;
				DEBUG_INFORMATION_FORMAT = "dwarf-with-dsym";
				GCC_C_LANGUAGE_STANDARD = gnu99;
				GCC_ENABLE_OBJC_EXCEPTIONS = YES;
				GCC_VERSION = com.apple.compilers.llvm.clang.1_0;
				GCC_WARN_64_TO_32_BIT_CONVERSION = YES;
				GCC_WARN_ABOUT_RETURN_TYPE = YES;
				GCC_WARN_UNINITIALIZED_AUTOS = YES;
				GCC_WARN_UNUSED_VARIABLE = YES;
				MACOSX_DEPLOYMENT_TARGET = 10.7;
				SDKROOT = macosx;
			};
			name = Release;
		};
		848C31A11A4DEF640015B9E2 /* Debug */ = {
			isa = XCBuildConfiguration;
			buildSettings = {
				GCC_PRECOMPILE_PREFIX_HEADER = YES;
				GCC_PREFIX_HEADER = "Physics Engine/Physics Engine-Prefix.pch";
				INFOPLIST_FILE = "Physics Engine/Physics Engine-Info.plist";
				PRODUCT_NAME = "$(TARGET_NAME)";
				WRAPPER_EXTENSION = app;
			};
			name = Debug;
		};
		848C31A21A4DEF640015B9E2 /* Release */ = {
			isa = XCBuildConfiguration;
			buildSettings = {
				GCC_PRECOMPILE_PREFIX_HEADER = YES;
				GCC_PREFIX_HEADER = "Physics Engine/Physics Engine-Prefix.pch";
				INFOPLIST_FILE = "Physics Engine/Physics Engine-Info.plist";
				PRODUCT_NAME = "$(TARGET_NAME)";
				WRAPPER_EXTENSION = app;
			};
			name = Release;
		};
/* End XCBuildConfiguration section */

/* Begin XCConfigurationList section */
		848C317C1A4DEF630015B9E2 /* Build configuration list for PBXProject "Physics Engine" */ = {
			isa = XCConfigurationList;
			buildConfigurations = (
				848C319E1A4DEF640015B9E2 /* Debug */,
				848C319F1A4DEF640015B9E2 /* Release */,
			);
			defaultConfigurationIsVisible = 0;
			defaultConfigurationName = Release;
		};
		848C31A01A4DEF640015B9E2 /* Build configuration list for PBXNativeTarget "Physics Engine" */ = {
			isa = XCConfigurationList;
			buildConfigurations = (
				848C31A11A4DEF640015B9E2 /* Debug */,
				848C31A21A4DEF640015B9E2 /* Release */,
			);
			defaultConfigurationIsVisible = 0;
		};
/* End XCConfigurationList section */
	};
	rootObject = 848C31791A4DEF630015B9E2 /* Project object */;
}
